
Microsoft Visual Studio Solution File, Format Version 12.00
# Visual Studio 15
Project("{FAE04EC0-301F-11D3-BF4B-00C04F79EFBC}") = "git-restman-automator", "git-restman-automator.csproj", "{3CB53355-568C-497B-8EE2-931C239AF580}"
EndProject
Project("{E53339B2-1760-4266-BCC7-CA923CBCF16C}") = "docker-compose", "docker-compose.dcproj", "{8405615D-F607-4DCC-AF05-325DF75336DE}"
EndProject
Global
	GlobalSection(SolutionConfigurationPlatforms) = preSolution
		Debug|Any CPU = Debug|Any CPU
		Release|Any CPU = Release|Any CPU
	EndGlobalSection
	GlobalSection(ProjectConfigurationPlatforms) = postSolution
		{3CB53355-568C-497B-8EE2-931C239AF580}.Debug|Any CPU.ActiveCfg = Debug|Any CPU
		{3CB53355-568C-497B-8EE2-931C239AF580}.Debug|Any CPU.Build.0 = Debug|Any CPU
		{3CB53355-568C-497B-8EE2-931C239AF580}.Release|Any CPU.ActiveCfg = Release|Any CPU
		{3CB53355-568C-497B-8EE2-931C239AF580}.Release|Any CPU.Build.0 = Release|Any CPU
		{8405615D-F607-4DCC-AF05-325DF75336DE}.Debug|Any CPU.ActiveCfg = Debug|Any CPU
		{8405615D-F607-4DCC-AF05-325DF75336DE}.Debug|Any CPU.Build.0 = Debug|Any CPU
		{8405615D-F607-4DCC-AF05-325DF75336DE}.Release|Any CPU.ActiveCfg = Release|Any CPU
		{8405615D-F607-4DCC-AF05-325DF75336DE}.Release|Any CPU.Build.0 = Release|Any CPU
	EndGlobalSection
EndGlobal
